
Microsoft Visual Studio Solution File, Format Version 12.00
Project("{FAE04EC0-301F-11D3-BF4B-00C04F79EFBC}") = "TennisGame.Api", "TennisGame.Api\TennisGame.Api.csproj", "{00E0F554-AC85-48A2-98B2-FC8970E2345E}"
EndProject
Global
	GlobalSection(SolutionConfigurationPlatforms) = preSolution
		Debug|Any CPU = Debug|Any CPU
		Release|Any CPU = Release|Any CPU
	EndGlobalSection
	GlobalSection(ProjectConfigurationPlatforms) = postSolution
		{00E0F554-AC85-48A2-98B2-FC8970E2345E}.Debug|Any CPU.ActiveCfg = Debug|Any CPU
		{00E0F554-AC85-48A2-98B2-FC8970E2345E}.Debug|Any CPU.Build.0 = Debug|Any CPU
		{00E0F554-AC85-48A2-98B2-FC8970E2345E}.Release|Any CPU.ActiveCfg = Release|Any CPU
		{00E0F554-AC85-48A2-98B2-FC8970E2345E}.Release|Any CPU.Build.0 = Release|Any CPU
	EndGlobalSection
EndGlobal
